
Microsoft Visual Studio Solution File, Format Version 12.00
# Visual Studio Version 17
VisualStudioVersion = 17.13.35931.197 d17.13
MinimumVisualStudioVersion = 10.0.40219.1
Project("{FAE04EC0-301F-11D3-BF4B-00C04F79EFBC}") = "Injector", "Injector.csproj", "{3A669BDF-5B3E-4D5F-8450-5A67F459CB66}"
EndProject
Global
	GlobalSection(SolutionConfigurationPlatforms) = preSolution
		Debug|Any CPU = Debug|Any CPU
		Release|Any CPU = Release|Any CPU
	EndGlobalSection
	GlobalSection(ProjectConfigurationPlatforms) = postSolution
		{3A669BDF-5B3E-4D5F-8450-5A67F459CB66}.Debug|Any CPU.ActiveCfg = Debug|Any CPU
		{3A669BDF-5B3E-4D5F-8450-5A67F459CB66}.Debug|Any CPU.Build.0 = Debug|Any CPU
		{3A669BDF-5B3E-4D5F-8450-5A67F459CB66}.Release|Any CPU.ActiveCfg = Release|Any CPU
		{3A669BDF-5B3E-4D5F-8450-5A67F459CB66}.Release|Any CPU.Build.0 = Release|Any CPU
	EndGlobalSection
	GlobalSection(SolutionProperties) = preSolution
		HideSolutionNode = FALSE
	EndGlobalSection
	GlobalSection(ExtensibilityGlobals) = postSolution
		SolutionGuid = {A5D5FA4E-105A-4EA1-83C5-AC3FED79ED5A}
	EndGlobalSection
EndGlobal
